
Microsoft Visual Studio Solution File, Format Version 12.00
# Visual Studio Version 17
VisualStudioVersion = 17.10.34928.147
MinimumVisualStudioVersion = 10.0.40219.1
Project("{FAE04EC0-301F-11D3-BF4B-00C04F79EFBC}") = "Crud", "Crud\Crud.csproj", "{588952A5-7774-4FBD-B515-5BFCB76BF130}"
EndProject
Global
	GlobalSection(SolutionConfigurationPlatforms) = preSolution
		Debug|Any CPU = Debug|Any CPU
		Release|Any CPU = Release|Any CPU
	EndGlobalSection
	GlobalSection(ProjectConfigurationPlatforms) = postSolution
		{588952A5-7774-4FBD-B515-5BFCB76BF130}.Debug|Any CPU.ActiveCfg = Debug|Any CPU
		{588952A5-7774-4FBD-B515-5BFCB76BF130}.Debug|Any CPU.Build.0 = Debug|Any CPU
		{588952A5-7774-4FBD-B515-5BFCB76BF130}.Release|Any CPU.ActiveCfg = Release|Any CPU
		{588952A5-7774-4FBD-B515-5BFCB76BF130}.Release|Any CPU.Build.0 = Release|Any CPU
	EndGlobalSection
	GlobalSection(SolutionProperties) = preSolution
		HideSolutionNode = FALSE
	EndGlobalSection
	GlobalSection(ExtensibilityGlobals) = postSolution
		SolutionGuid = {F914212C-0964-4DD9-9D55-980614730AFE}
	EndGlobalSection
EndGlobal
